
Microsoft Visual Studio Solution File, Format Version 12.00
# Visual Studio Version 17
VisualStudioVersion = 17.9.34723.18
MinimumVisualStudioVersion = 10.0.40219.1
Project("{FAE04EC0-301F-11D3-BF4B-00C04F79EFBC}") = "WebApp", "WebApp\WebApp.csproj", "{5BC697CA-39B6-483F-A996-AA21173885D0}"
EndProject
Project("{FAE04EC0-301F-11D3-BF4B-00C04F79EFBC}") = "WebApp.Client", "WebApp.Client\WebApp.Client.csproj", "{5DB02C93-B9B2-456A-86D4-0272E468180D}"
EndProject
Global
	GlobalSection(SolutionConfigurationPlatforms) = preSolution
		Debug|Any CPU = Debug|Any CPU
		Release|Any CPU = Release|Any CPU
	EndGlobalSection
	GlobalSection(ProjectConfigurationPlatforms) = postSolution
		{5BC697CA-39B6-483F-A996-AA21173885D0}.Debug|Any CPU.ActiveCfg = Debug|Any CPU
		{5BC697CA-39B6-483F-A996-AA21173885D0}.Debug|Any CPU.Build.0 = Debug|Any CPU
		{5BC697CA-39B6-483F-A996-AA21173885D0}.Release|Any CPU.ActiveCfg = Release|Any CPU
		{5BC697CA-39B6-483F-A996-AA21173885D0}.Release|Any CPU.Build.0 = Release|Any CPU
		{5DB02C93-B9B2-456A-86D4-0272E468180D}.Debug|Any CPU.ActiveCfg = Debug|Any CPU
		{5DB02C93-B9B2-456A-86D4-0272E468180D}.Debug|Any CPU.Build.0 = Debug|Any CPU
		{5DB02C93-B9B2-456A-86D4-0272E468180D}.Release|Any CPU.ActiveCfg = Release|Any CPU
		{5DB02C93-B9B2-456A-86D4-0272E468180D}.Release|Any CPU.Build.0 = Release|Any CPU
	EndGlobalSection
	GlobalSection(SolutionProperties) = preSolution
		HideSolutionNode = FALSE
	EndGlobalSection
	GlobalSection(ExtensibilityGlobals) = postSolution
		SolutionGuid = {98BE40F5-8013-4A30-914E-453E1E95B211}
	EndGlobalSection
EndGlobal
